<?xml version="1.0" encoding="utf-8"?>
<Project ToolsVersion="4.0" xmlns="http://schemas.microsoft.com/developer/msbuild/2003">
  <ItemGroup>
    <Filter Include="Archivos de origen">
      <UniqueIdentifier>{4FC737F1-C7A5-4376-A066-2A32D752A2FF}</UniqueIdentifier>
      <Extensions>cpp;c;cc;cxx;c++;cppm;ixx;def;odl;idl;hpj;bat;asm;asmx</Extensions>
    </Filter>
    <Filter Include="Archivos de encabezado">
      <UniqueIdentifier>{93995380-89BD-4b04-88EB-625FBE52EBFB}</UniqueIdentifier>
      <Extensions>h;hh;hpp;hxx;h++;hm;inl;inc;ipp;xsd</Extensions>
    </Filter>
    <Filter Include="Archivos de recursos">
      <UniqueIdentifier>{67DA6AB6-F800-4c08-8B7A-83BB121AAD01}</UniqueIdentifier>
      <Extensions>rc;ico;cur;bmp;dlg;rc2;rct;bin;rgs;gif;jpg;jpeg;jpe;resx;tiff;tif;png;wav;mfcribbon-ms</Extensions>
    </Filter>
  </ItemGroup>
  <ItemGroup>
    <ClCompile Include="src\AudioPlayer.cpp">
      <Filter>Archivos de origen</Filter>
    </ClCompile>
    <ClCompile Include="src\Camera.cpp">
      <Filter>Archivos de origen</Filter>
    </ClCompile>
    <ClCompile Include="src\Environment.cpp">
      <Filter>Archivos de origen</Filter>
    </ClCompile>
    <ClCompile Include="src\Mesh.cpp">
      <Filter>Archivos de origen</Filter>
    </ClCompile>
    <ClCompile Include="src\ModelLoader.cpp">
      <Filter>Archivos de origen</Filter>
    </ClCompile>
    <ClCompile Include="src\Player.cpp">
      <Filter>Archivos de origen</Filter>
    </ClCompile>
    <ClCompile Include="src\Shader.cpp">
      <Filter>Archivos de origen</Filter>
    </ClCompile>
    <ClCompile Include="src\Texture2D.cpp">
      <Filter>Archivos de origen</Filter>
    </ClCompile>
    <ClCompile Include="src\main.cpp">
      <Filter>Archivos de origen</Filter>
    </ClCompile>
  </ItemGroup>
  <ItemGroup>
    <ClInclude Include="include\AudioPlayer.h">
      <Filter>Archivos de encabezado</Filter>
    </ClInclude>
    <ClInclude Include="include\Camera.h">
      <Filter>Archivos de encabezado</Filter>
    </ClInclude>
    <ClInclude Include="include\Environment.h">
      <Filter>Archivos de encabezado</Filter>
    </ClInclude>
    <ClInclude Include="include\Mesh.h">
      <Filter>Archivos de encabezado</Filter>
    </ClInclude>
    <ClInclude Include="include\ModelLoader.h">
      <Filter>Archivos de encabezado</Filter>
    </ClInclude>
    <ClInclude Include="include\Player.h">
      <Filter>Archivos de encabezado</Filter>
    </ClInclude>
    <ClInclude Include="include\Shader.h">
      <Filter>Archivos de encabezado</Filter>
    </ClInclude>
    <ClInclude Include="include\Texture2D.h">
      <Filter>Archivos de encabezado</Filter>
    </ClInclude>
  </ItemGroup>
  <ItemGroup>
    <None Include="assets\audio\graffiti_underground_loop.mp3">
      <Filter>Archivos de recursos</Filter>
    </None>
    <None Include="assets\characters\mario64_pinix_style\model\scene.gltf">
      <Filter>Archivos de recursos</Filter>
    </None>
    <None Include="assets\characters\mario64_pinix_style\model\scene.bin">
      <Filter>Archivos de recursos</Filter>
    </None>
    <None Include="assets\characters\mario64_pinix_style\model\textures\*.png">
      <Filter>Archivos de recursos</Filter>
    </None>
    <None Include="assets\images\coin_spin.png">
      <Filter>Archivos de recursos</Filter>
    </None>
    <None Include="assets\items\Coin\Coin.dae">
      <Filter>Archivos de recursos</Filter>
    </None>
    <None Include="assets\items\Coin\cointex.png">
      <Filter>Archivos de recursos</Filter>
    </None>
    <None Include="assets\items\CrystalStars\Crystal Stars\colors.png">
      <Filter>Archivos de recursos</Filter>
    </None>
    <None Include="assets\items\CrystalStars\Crystal Stars\goldstar.mtl">
      <Filter>Archivos de recursos</Filter>
    </None>
    <None Include="assets\items\CrystalStars\Crystal Stars\goldstar.obj">
      <Filter>Archivos de recursos</Filter>
    </None>
    <None Include="assets\npcs\RussT\Russ T\*.png">
      <Filter>Archivos de recursos</Filter>
    </None>
    <None Include="assets\npcs\RussT\Russ T\Russ T.dae">
      <Filter>Archivos de recursos</Filter>
    </None>
    <None Include="assets\logos\PaperPinixLogo\Paper_Pinix_full_logo.png">
      <Filter>Archivos de recursos</Filter>
    </None>
    <None Include="assets\logos\PaperPinixLogo\Paper_Pinix_logo_transparent.png">
      <Filter>Archivos de recursos</Filter>
    </None>
    <None Include="assets\ui\PaperPinix_LakituCloud_menu.png">
      <Filter>Archivos de recursos</Filter>
    </None>
    <None Include="assets\ui\PaperPinix_MenuBackground.png">
      <Filter>Archivos de recursos</Filter>
    </None>
    <None Include="assets\ui\LakituCloud\Lakitu Cloud\Lakitu Cloud.mtl">
      <Filter>Archivos de recursos</Filter>
    </None>
    <None Include="assets\ui\LakituCloud\Lakitu Cloud\Lakitu Cloud.obj">
      <Filter>Archivos de recursos</Filter>
    </None>
    <None Include="assets\ui\LakituCloud\Lakitu Cloud\LakituCloud_transparent.png">
      <Filter>Archivos de recursos</Filter>
    </None>
    <None Include="assets\ui\LakituCloud\Lakitu Cloud\Tex_0447_0.png">
      <Filter>Archivos de recursos</Filter>
    </None>
    <None Include="assets\Mundos\FreezeezyPeak\Freezeezy Peak.dae">
      <Filter>Archivos de recursos</Filter>
    </None>
    <None Include="assets\Mundos\FreezeezyPeak\Freezeezy Peak.mtl">
      <Filter>Archivos de recursos</Filter>
    </None>
    <None Include="assets\Mundos\FreezeezyPeak\Freezeezy Peak.obj">
      <Filter>Archivos de recursos</Filter>
    </None>
    <None Include="assets\Mundos\FreezeezyPeak\README.txt">
      <Filter>Archivos de recursos</Filter>
    </None>
    <None Include="assets\Mundos\FreezeezyPeak\textures\*.png">
      <Filter>Archivos de recursos</Filter>
    </None>
    <None Include="shaders\lava.frag">
      <Filter>Archivos de recursos</Filter>
    </None>
    <None Include="shaders\lava.vert">
      <Filter>Archivos de recursos</Filter>
    </None>
    <None Include="shaders\scene.frag">
      <Filter>Archivos de recursos</Filter>
    </None>
    <None Include="shaders\scene.vert">
      <Filter>Archivos de recursos</Filter>
    </None>
    <None Include="shaders\ui.frag">
      <Filter>Archivos de recursos</Filter>
    </None>
    <None Include="shaders\ui.vert">
      <Filter>Archivos de recursos</Filter>
    </None>
  </ItemGroup>
</Project>
